Microsoft Visual Studio Solution File, Format Version 12.00
# Visual Studio Version 17
VisualStudioVersion = 17.5.2.0
MinimumVisualStudioVersion = 10.0.40219.1
Project("{2150E333-8FDC-42A3-9474-1A3956D46DE8}") = "src", "src", "{827E0CD3-B72D-47B6-A68D-7590B98EB39B}"
EndProject
Project("{2150E333-8FDC-42A3-9474-1A3956D46DE8}") = "tests", "tests", "{0AB3BF05-4346-4AA6-1389-037BE0695223}"
EndProject
Project("{FAE04EC0-301F-11D3-BF4B-00C04F79EFBC}") = "Modeller.McpServer", "src\Modeller.McpServer\Modeller.McpServer.csproj", "{CEA05E15-B609-2728-9703-B708228E20B0}"
EndProject
Project("{FAE04EC0-301F-11D3-BF4B-00C04F79EFBC}") = "Modeller.McpServer.Tests.Unit", "tests\Modeller.McpServer.Tests.Unit\Modeller.McpServer.Tests.Unit.csproj", "{A6A5E4AD-51D3-27D9-6FD2-45A80A42CF41}"
EndProject
Project("{2150E333-8FDC-42A3-9474-1A3956D46DE8}") = "docs", "docs", "{208BA388-4CEE-2CBF-559C-5607C099C1F8}"
	ProjectSection(SolutionItems) = preProject
		docs\bdd_model_definition.md = docs\bdd_model_definition.md
		docs\BDD_Model_User_Guide.md = docs\BDD_Model_User_Guide.md
		docs\code-generation-design.md = docs\code-generation-design.md
		docs\modeller-mcp-prompts-guide.md = docs\modeller-mcp-prompts-guide.md
		docs\yaml-schema-intellisense-guide.md = docs\yaml-schema-intellisense-guide.md
	EndProjectSection
EndProject
Project("{2150E333-8FDC-42A3-9474-1A3956D46DE8}") = "Solution Items", "Solution Items", "{089100B1-113F-4E66-888A-E83F3999EAFD}"
	ProjectSection(SolutionItems) = preProject
		.vscode\mcp.json = .vscode\mcp.json
		README.md = README.md
	EndProjectSection
EndProject
Project("{2150E333-8FDC-42A3-9474-1A3956D46DE8}") = "models", "models", "{7E5E3D99-03B0-3438-6A3D-D9E8D97DA366}"
EndProject
Project("{2150E333-8FDC-42A3-9474-1A3956D46DE8}") = "Jjs", "Jjs", "{E1FF4E5B-394F-BECA-AC0E-BEACE774EECF}"
EndProject
Project("{2150E333-8FDC-42A3-9474-1A3956D46DE8}") = "PotentialSales", "PotentialSales", "{6194A28E-A847-AA1A-06D7-947FAB42F425}"
	ProjectSection(SolutionItems) = preProject
		models\JJs\PotentialSales\Activity.Behaviour.yaml = models\JJs\PotentialSales\Activity.Behaviour.yaml
		models\JJs\PotentialSales\Activity.Type.yaml = models\JJs\PotentialSales\Activity.Type.yaml
		models\JJs\PotentialSales\CONVERSION_NOTES.md = models\JJs\PotentialSales\CONVERSION_NOTES.md
		models\JJs\PotentialSales\IdentifiedCompetitor.Type.yaml = models\JJs\PotentialSales\IdentifiedCompetitor.Type.yaml
		models\JJs\PotentialSales\IdentifiedCompetitorWasteProduct.Type.yaml = models\JJs\PotentialSales\IdentifiedCompetitorWasteProduct.Type.yaml
		models\JJs\PotentialSales\Prospect.Behaviour.yaml = models\JJs\PotentialSales\Prospect.Behaviour.yaml
		models\JJs\PotentialSales\Prospect.Type.yaml = models\JJs\PotentialSales\Prospect.Type.yaml
		models\JJs\PotentialSales\ProspectType.Type.yaml = models\JJs\PotentialSales\ProspectType.Type.yaml
		models\JJs\PotentialSales\ProspectWasteProduct.Type.yaml = models\JJs\PotentialSales\ProspectWasteProduct.Type.yaml
		models\JJs\PotentialSales\Source.Type.yaml = models\JJs\PotentialSales\Source.Type.yaml
		models\JJs\PotentialSales\WasteProduct.Type.yaml = models\JJs\PotentialSales\WasteProduct.Type.yaml
		models\JJs\PotentialSales\_meta.yaml = models\JJs\PotentialSales\_meta.yaml
	EndProjectSection
EndProject
Project("{2150E333-8FDC-42A3-9474-1A3956D46DE8}") = "Shared", "Shared", "{C951D638-4FFA-F4FE-67E4-52C696A4B909}"
EndProject
Project("{2150E333-8FDC-42A3-9474-1A3956D46DE8}") = "Enums", "Enums", "{C926E18D-B622-FB75-26C1-06F8A475EF41}"
	ProjectSection(SolutionItems) = preProject
		models\JJs\Shared\Enums\ActivityMethod.yaml = models\JJs\Shared\Enums\ActivityMethod.yaml
		models\JJs\Shared\Enums\ActivityType.yaml = models\JJs\Shared\Enums\ActivityType.yaml
		models\JJs\Shared\Enums\CustomerStatus.yaml = models\JJs\Shared\Enums\CustomerStatus.yaml
		models\JJs\Shared\Enums\Interest.yaml = models\JJs\Shared\Enums\Interest.yaml
		models\JJs\Shared\Enums\ProspectStatus.yaml = models\JJs\Shared\Enums\ProspectStatus.yaml
	EndProjectSection
EndProject
Project("{2150E333-8FDC-42A3-9474-1A3956D46DE8}") = "AttributeTypes", "AttributeTypes", "{1AB74070-FDEE-DBD6-881C-277AB0D06711}"
	ProjectSection(SolutionItems) = preProject
		models\JJs\Shared\AttributeTypes\CommonAttributes.yaml = models\JJs\Shared\AttributeTypes\CommonAttributes.yaml
	EndProjectSection
EndProject
Project("{2150E333-8FDC-42A3-9474-1A3956D46DE8}") = "schemas", "schemas", "{0F30E25C-730E-FC1B-A752-E8466D187ADC}"
	ProjectSection(SolutionItems) = preProject
		schemas\attribute-types-schema.json = schemas\attribute-types-schema.json
		schemas\bdd-model-schema.json = schemas\bdd-model-schema.json
		schemas\enum-schema.json = schemas\enum-schema.json
		schemas\metadata-schema.json = schemas\metadata-schema.json
		schemas\README.md = schemas\README.md
		schemas\validation-profiles-schema.json = schemas\validation-profiles-schema.json
	EndProjectSection
EndProject
Global
	GlobalSection(SolutionConfigurationPlatforms) = preSolution
		Debug|Any CPU = Debug|Any CPU
		Release|Any CPU = Release|Any CPU
	EndGlobalSection
	GlobalSection(ProjectConfigurationPlatforms) = postSolution
		{CEA05E15-B609-2728-9703-B708228E20B0}.Debug|Any CPU.ActiveCfg = Debug|Any CPU
		{CEA05E15-B609-2728-9703-B708228E20B0}.Debug|Any CPU.Build.0 = Debug|Any CPU
		{CEA05E15-B609-2728-9703-B708228E20B0}.Release|Any CPU.ActiveCfg = Release|Any CPU
		{CEA05E15-B609-2728-9703-B708228E20B0}.Release|Any CPU.Build.0 = Release|Any CPU
		{A6A5E4AD-51D3-27D9-6FD2-45A80A42CF41}.Debug|Any CPU.ActiveCfg = Debug|Any CPU
		{A6A5E4AD-51D3-27D9-6FD2-45A80A42CF41}.Debug|Any CPU.Build.0 = Debug|Any CPU
		{A6A5E4AD-51D3-27D9-6FD2-45A80A42CF41}.Release|Any CPU.ActiveCfg = Release|Any CPU
		{A6A5E4AD-51D3-27D9-6FD2-45A80A42CF41}.Release|Any CPU.Build.0 = Release|Any CPU
	EndGlobalSection
	GlobalSection(SolutionProperties) = preSolution
		HideSolutionNode = FALSE
	EndGlobalSection
	GlobalSection(NestedProjects) = preSolution
		{CEA05E15-B609-2728-9703-B708228E20B0} = {827E0CD3-B72D-47B6-A68D-7590B98EB39B}
		{A6A5E4AD-51D3-27D9-6FD2-45A80A42CF41} = {0AB3BF05-4346-4AA6-1389-037BE0695223}
		{E1FF4E5B-394F-BECA-AC0E-BEACE774EECF} = {7E5E3D99-03B0-3438-6A3D-D9E8D97DA366}
		{6194A28E-A847-AA1A-06D7-947FAB42F425} = {E1FF4E5B-394F-BECA-AC0E-BEACE774EECF}
		{C951D638-4FFA-F4FE-67E4-52C696A4B909} = {E1FF4E5B-394F-BECA-AC0E-BEACE774EECF}
		{C926E18D-B622-FB75-26C1-06F8A475EF41} = {C951D638-4FFA-F4FE-67E4-52C696A4B909}
		{1AB74070-FDEE-DBD6-881C-277AB0D06711} = {C951D638-4FFA-F4FE-67E4-52C696A4B909}
	EndGlobalSection
	GlobalSection(ExtensibilityGlobals) = postSolution
		SolutionGuid = {DE251E56-8C32-4D16-BF83-46C0B5290797}
	EndGlobalSection
EndGlobal
